
Microsoft Visual Studio Solution File, Format Version 12.00
# Visual Studio Version 17
VisualStudioVersion = 17.1.32407.343
MinimumVisualStudioVersion = 10.0.40219.1
Project("{FAE04EC0-301F-11D3-BF4B-00C04F79EFBC}") = "WinFormsPreco", "WinFormsPreco.csproj", "{B9C5DBA7-B869-4330-9144-46F5DC271AF0}"
EndProject
Global
	GlobalSection(SolutionConfigurationPlatforms) = preSolution
		Debug|Any CPU = Debug|Any CPU
		Release|Any CPU = Release|Any CPU
	EndGlobalSection
	GlobalSection(ProjectConfigurationPlatforms) = postSolution
		{B9C5DBA7-B869-4330-9144-46F5DC271AF0}.Debug|Any CPU.ActiveCfg = Debug|Any CPU
		{B9C5DBA7-B869-4330-9144-46F5DC271AF0}.Debug|Any CPU.Build.0 = Debug|Any CPU
		{B9C5DBA7-B869-4330-9144-46F5DC271AF0}.Release|Any CPU.ActiveCfg = Release|Any CPU
		{B9C5DBA7-B869-4330-9144-46F5DC271AF0}.Release|Any CPU.Build.0 = Release|Any CPU
	EndGlobalSection
	GlobalSection(SolutionProperties) = preSolution
		HideSolutionNode = FALSE
	EndGlobalSection
	GlobalSection(ExtensibilityGlobals) = postSolution
		SolutionGuid = {8281200B-D2B7-4731-8FCB-D05247748847}
	EndGlobalSection
EndGlobal
